// !$*UTF8*$!
{
	archiveVersion = 1;
	classes = {
	};
	objectVersion = 56;
	objects = {

/* Begin PBXBuildFile section */
		8F519FB92AF81D9000760694 /* blood_pressure_assignmentApp.swift in Sources */ = {isa = PBXBuildFile; fileRef = 8F519FB82AF81D9000760694 /* blood_pressure_assignmentApp.swift */; };
		8F519FBB2AF81D9000760694 /* ContentView.swift in Sources */ = {isa = PBXBuildFile; fileRef = 8F519FBA2AF81D9000760694 /* ContentView.swift */; };
		8F519FBD2AF81D9100760694 /* Assets.xcassets in Resources */ = {isa = PBXBuildFile; fileRef = 8F519FBC2AF81D9100760694 /* Assets.xcassets */; };
		8F519FC02AF81D9100760694 /* Preview Assets.xcassets in Resources */ = {isa = PBXBuildFile; fileRef = 8F519FBF2AF81D9100760694 /* Preview Assets.xcassets */; };
		8F519FC82AF81FDC00760694 /* GoogleService-Info.plist in Resources */ = {isa = PBXBuildFile; fileRef = 8F519FC72AF81FDC00760694 /* GoogleService-Info.plist */; };
		8F519FCE2AF820B000760694 /* FirebaseAnalytics in Frameworks */ = {isa = PBXBuildFile; productRef = 8F519FCD2AF820B000760694 /* FirebaseAnalytics */; };
		8F519FD02AF820B000760694 /* FirebaseAnalyticsOnDeviceConversion in Frameworks */ = {isa = PBXBuildFile; productRef = 8F519FCF2AF820B000760694 /* FirebaseAnalyticsOnDeviceConversion */; };
		8F519FD22AF820B000760694 /* FirebaseAnalyticsSwift in Frameworks */ = {isa = PBXBuildFile; productRef = 8F519FD12AF820B000760694 /* FirebaseAnalyticsSwift */; };
		8F519FD42AF820B000760694 /* FirebaseAnalyticsWithoutAdIdSupport in Frameworks */ = {isa = PBXBuildFile; productRef = 8F519FD32AF820B000760694 /* FirebaseAnalyticsWithoutAdIdSupport */; };
		8F519FD62AF820B000760694 /* FirebaseAppCheck in Frameworks */ = {isa = PBXBuildFile; productRef = 8F519FD52AF820B000760694 /* FirebaseAppCheck */; };
		8F519FD82AF8211F00760694 /* DataView.swift in Sources */ = {isa = PBXBuildFile; fileRef = 8F519FD72AF8211F00760694 /* DataView.swift */; };
		8F519FDA2AF821D400760694 /* HomeView.swift in Sources */ = {isa = PBXBuildFile; fileRef = 8F519FD92AF821D400760694 /* HomeView.swift */; };
		8F519FDC2AF8222700760694 /* ReportView.swift in Sources */ = {isa = PBXBuildFile; fileRef = 8F519FDB2AF8222700760694 /* ReportView.swift */; };
		8F519FE42AF8410F00760694 /* User.swift in Sources */ = {isa = PBXBuildFile; fileRef = 8F519FE32AF8410F00760694 /* User.swift */; };
		8F519FE82AF85A7A00760694 /* ContentViewModel.swift in Sources */ = {isa = PBXBuildFile; fileRef = 8F519FE72AF85A7A00760694 /* ContentViewModel.swift */; };
		8F519FEA2AF85A8D00760694 /* DatabaseViewModel.swift in Sources */ = {isa = PBXBuildFile; fileRef = 8F519FE92AF85A8D00760694 /* DatabaseViewModel.swift */; };
		8F519FEC2AF85A9A00760694 /* ReportViewModel.swift in Sources */ = {isa = PBXBuildFile; fileRef = 8F519FEB2AF85A9A00760694 /* ReportViewModel.swift */; };
		8F519FEE2AF85AA100760694 /* HomeViewModel.swift in Sources */ = {isa = PBXBuildFile; fileRef = 8F519FED2AF85AA100760694 /* HomeViewModel.swift */; };
		8F519FF02AF85F0400760694 /* FirebaseAnalytics in Frameworks */ = {isa = PBXBuildFile; productRef = 8F519FEF2AF85F0400760694 /* FirebaseAnalytics */; };
		8F519FF22AF85F0400760694 /* FirebaseAnalyticsOnDeviceConversion in Frameworks */ = {isa = PBXBuildFile; productRef = 8F519FF12AF85F0400760694 /* FirebaseAnalyticsOnDeviceConversion */; };
		8F519FF42AF85F0400760694 /* FirebaseAnalyticsSwift in Frameworks */ = {isa = PBXBuildFile; productRef = 8F519FF32AF85F0400760694 /* FirebaseAnalyticsSwift */; };
		8F519FF62AF85F0400760694 /* FirebaseAnalyticsWithoutAdIdSupport in Frameworks */ = {isa = PBXBuildFile; productRef = 8F519FF52AF85F0400760694 /* FirebaseAnalyticsWithoutAdIdSupport */; };
		8F519FF82AF85F0400760694 /* FirebaseAppCheck in Frameworks */ = {isa = PBXBuildFile; productRef = 8F519FF72AF85F0400760694 /* FirebaseAppCheck */; };
		8F519FFA2AF85F0400760694 /* FirebaseAppDistribution-Beta in Frameworks */ = {isa = PBXBuildFile; productRef = 8F519FF92AF85F0400760694 /* FirebaseAppDistribution-Beta */; };
		8F519FFC2AF85F0400760694 /* FirebaseAuth in Frameworks */ = {isa = PBXBuildFile; productRef = 8F519FFB2AF85F0400760694 /* FirebaseAuth */; };
		8F519FFE2AF85F0400760694 /* FirebaseAuthCombine-Community in Frameworks */ = {isa = PBXBuildFile; productRef = 8F519FFD2AF85F0400760694 /* FirebaseAuthCombine-Community */; };
		8F51A0002AF85F0400760694 /* FirebaseCrashlytics in Frameworks */ = {isa = PBXBuildFile; productRef = 8F519FFF2AF85F0400760694 /* FirebaseCrashlytics */; };
		8F51A0022AF85F0400760694 /* FirebaseDatabase in Frameworks */ = {isa = PBXBuildFile; productRef = 8F51A0012AF85F0400760694 /* FirebaseDatabase */; };
		8F51A0042AF85F0400760694 /* FirebaseDatabaseSwift in Frameworks */ = {isa = PBXBuildFile; productRef = 8F51A0032AF85F0400760694 /* FirebaseDatabaseSwift */; };
		8F51A0062AF85F0400760694 /* FirebaseDynamicLinks in Frameworks */ = {isa = PBXBuildFile; productRef = 8F51A0052AF85F0400760694 /* FirebaseDynamicLinks */; };
		8F51A0082AF85F0400760694 /* FirebaseFirestore in Frameworks */ = {isa = PBXBuildFile; productRef = 8F51A0072AF85F0400760694 /* FirebaseFirestore */; };
		8F51A00A2AF85F0400760694 /* FirebaseFirestoreCombine-Community in Frameworks */ = {isa = PBXBuildFile; productRef = 8F51A0092AF85F0400760694 /* FirebaseFirestoreCombine-Community */; };
		8F51A00C2AF8C23800760694 /* ReadingItem.swift in Sources */ = {isa = PBXBuildFile; fileRef = 8F51A00B2AF8C23800760694 /* ReadingItem.swift */; };
		8F51A00E2AF8D16D00760694 /* AddReadingItemView.swift in Sources */ = {isa = PBXBuildFile; fileRef = 8F51A00D2AF8D16D00760694 /* AddReadingItemView.swift */; };
		8F51A0102AF8D22300760694 /* ReadingItemView.swift in Sources */ = {isa = PBXBuildFile; fileRef = 8F51A00F2AF8D22300760694 /* ReadingItemView.swift */; };
		8F51A0142AF96DC700760694 /* EditReadingItemView.swift in Sources */ = {isa = PBXBuildFile; fileRef = 8F51A0132AF96DC700760694 /* EditReadingItemView.swift */; };
		8F51A0162AF9790B00760694 /* ReadingItemInputView.swift in Sources */ = {isa = PBXBuildFile; fileRef = 8F51A0152AF9790B00760694 /* ReadingItemInputView.swift */; };
		8F7D91012AFAF8C300ECF2C7 /* DataViewModel.swift in Sources */ = {isa = PBXBuildFile; fileRef = 8F7D91002AFAF8C300ECF2C7 /* DataViewModel.swift */; };
		8F7D91032AFB41E500ECF2C7 /* MonthlyAverage.swift in Sources */ = {isa = PBXBuildFile; fileRef = 8F7D91022AFB41E500ECF2C7 /* MonthlyAverage.swift */; };
		8F7D91052AFBFCBB00ECF2C7 /* NotificationView.swift in Sources */ = {isa = PBXBuildFile; fileRef = 8F7D91042AFBFCBB00ECF2C7 /* NotificationView.swift */; };
		8F7D91072AFC02E300ECF2C7 /* NotificationViewModel.swift in Sources */ = {isa = PBXBuildFile; fileRef = 8F7D91062AFC02E300ECF2C7 /* NotificationViewModel.swift */; };
/* End PBXBuildFile section */

/* Begin PBXFileReference section */
		8F519FB52AF81D9000760694 /* blood_pressure_assignment.app */ = {isa = PBXFileReference; explicitFileType = wrapper.application; includeInIndex = 0; path = blood_pressure_assignment.app; sourceTree = BUILT_PRODUCTS_DIR; };
		8F519FB82AF81D9000760694 /* blood_pressure_assignmentApp.swift */ = {isa = PBXFileReference; lastKnownFileType = sourcecode.swift; path = blood_pressure_assignmentApp.swift; sourceTree = "<group>"; };
		8F519FBA2AF81D9000760694 /* ContentView.swift */ = {isa = PBXFileReference; lastKnownFileType = sourcecode.swift; path = ContentView.swift; sourceTree = "<group>"; };
		8F519FBC2AF81D9100760694 /* Assets.xcassets */ = {isa = PBXFileReference; lastKnownFileType = folder.assetcatalog; path = Assets.xcassets; sourceTree = "<group>"; };
		8F519FBF2AF81D9100760694 /* Preview Assets.xcassets */ = {isa = PBXFileReference; lastKnownFileType = folder.assetcatalog; path = "Preview Assets.xcassets"; sourceTree = "<group>"; };
		8F519FC72AF81FDC00760694 /* GoogleService-Info.plist */ = {isa = PBXFileReference; fileEncoding = 4; lastKnownFileType = text.plist.xml; path = "GoogleService-Info.plist"; sourceTree = "<group>"; };
		8F519FD72AF8211F00760694 /* DataView.swift */ = {isa = PBXFileReference; lastKnownFileType = sourcecode.swift; path = DataView.swift; sourceTree = "<group>"; };
		8F519FD92AF821D400760694 /* HomeView.swift */ = {isa = PBXFileReference; lastKnownFileType = sourcecode.swift; path = HomeView.swift; sourceTree = "<group>"; };
		8F519FDB2AF8222700760694 /* ReportView.swift */ = {isa = PBXFileReference; lastKnownFileType = sourcecode.swift; path = ReportView.swift; sourceTree = "<group>"; };
		8F519FE32AF8410F00760694 /* User.swift */ = {isa = PBXFileReference; lastKnownFileType = sourcecode.swift; path = User.swift; sourceTree = "<group>"; };
		8F519FE72AF85A7A00760694 /* ContentViewModel.swift */ = {isa = PBXFileReference; lastKnownFileType = sourcecode.swift; path = ContentViewModel.swift; sourceTree = "<group>"; };
		8F519FE92AF85A8D00760694 /* DatabaseViewModel.swift */ = {isa = PBXFileReference; lastKnownFileType = sourcecode.swift; path = DatabaseViewModel.swift; sourceTree = "<group>"; };
		8F519FEB2AF85A9A00760694 /* ReportViewModel.swift */ = {isa = PBXFileReference; lastKnownFileType = sourcecode.swift; path = ReportViewModel.swift; sourceTree = "<group>"; };
		8F519FED2AF85AA100760694 /* HomeViewModel.swift */ = {isa = PBXFileReference; lastKnownFileType = sourcecode.swift; path = HomeViewModel.swift; sourceTree = "<group>"; };
		8F51A00B2AF8C23800760694 /* ReadingItem.swift */ = {isa = PBXFileReference; lastKnownFileType = sourcecode.swift; path = ReadingItem.swift; sourceTree = "<group>"; };
		8F51A00D2AF8D16D00760694 /* AddReadingItemView.swift */ = {isa = PBXFileReference; lastKnownFileType = sourcecode.swift; path = AddReadingItemView.swift; sourceTree = "<group>"; };
		8F51A00F2AF8D22300760694 /* ReadingItemView.swift */ = {isa = PBXFileReference; lastKnownFileType = sourcecode.swift; path = ReadingItemView.swift; sourceTree = "<group>"; };
		8F51A0132AF96DC700760694 /* EditReadingItemView.swift */ = {isa = PBXFileReference; lastKnownFileType = sourcecode.swift; path = EditReadingItemView.swift; sourceTree = "<group>"; };
		8F51A0152AF9790B00760694 /* ReadingItemInputView.swift */ = {isa = PBXFileReference; lastKnownFileType = sourcecode.swift; path = ReadingItemInputView.swift; sourceTree = "<group>"; };
		8F7D91002AFAF8C300ECF2C7 /* DataViewModel.swift */ = {isa = PBXFileReference; lastKnownFileType = sourcecode.swift; path = DataViewModel.swift; sourceTree = "<group>"; };
		8F7D91022AFB41E500ECF2C7 /* MonthlyAverage.swift */ = {isa = PBXFileReference; lastKnownFileType = sourcecode.swift; path = MonthlyAverage.swift; sourceTree = "<group>"; };
		8F7D91042AFBFCBB00ECF2C7 /* NotificationView.swift */ = {isa = PBXFileReference; lastKnownFileType = sourcecode.swift; path = NotificationView.swift; sourceTree = "<group>"; };
		8F7D91062AFC02E300ECF2C7 /* NotificationViewModel.swift */ = {isa = PBXFileReference; lastKnownFileType = sourcecode.swift; path = NotificationViewModel.swift; sourceTree = "<group>"; };
/* End PBXFileReference section */

/* Begin PBXFrameworksBuildPhase section */
		8F519FB22AF81D9000760694 /* Frameworks */ = {
			isa = PBXFrameworksBuildPhase;
			buildActionMask = 2147483647;
			files = (
				8F51A00A2AF85F0400760694 /* FirebaseFirestoreCombine-Community in Frameworks */,
				8F51A0022AF85F0400760694 /* FirebaseDatabase in Frameworks */,
				8F519FD22AF820B000760694 /* FirebaseAnalyticsSwift in Frameworks */,
				8F519FCE2AF820B000760694 /* FirebaseAnalytics in Frameworks */,
				8F519FF02AF85F0400760694 /* FirebaseAnalytics in Frameworks */,
				8F51A0002AF85F0400760694 /* FirebaseCrashlytics in Frameworks */,
				8F51A0082AF85F0400760694 /* FirebaseFirestore in Frameworks */,
				8F51A0062AF85F0400760694 /* FirebaseDynamicLinks in Frameworks */,
				8F519FF22AF85F0400760694 /* FirebaseAnalyticsOnDeviceConversion in Frameworks */,
				8F519FFE2AF85F0400760694 /* FirebaseAuthCombine-Community in Frameworks */,
				8F519FF42AF85F0400760694 /* FirebaseAnalyticsSwift in Frameworks */,
				8F51A0042AF85F0400760694 /* FirebaseDatabaseSwift in Frameworks */,
				8F519FD02AF820B000760694 /* FirebaseAnalyticsOnDeviceConversion in Frameworks */,
				8F519FD62AF820B000760694 /* FirebaseAppCheck in Frameworks */,
				8F519FFC2AF85F0400760694 /* FirebaseAuth in Frameworks */,
				8F519FF62AF85F0400760694 /* FirebaseAnalyticsWithoutAdIdSupport in Frameworks */,
				8F519FF82AF85F0400760694 /* FirebaseAppCheck in Frameworks */,
				8F519FFA2AF85F0400760694 /* FirebaseAppDistribution-Beta in Frameworks */,
				8F519FD42AF820B000760694 /* FirebaseAnalyticsWithoutAdIdSupport in Frameworks */,
			);
			runOnlyForDeploymentPostprocessing = 0;
		};
/* End PBXFrameworksBuildPhase section */

/* Begin PBXGroup section */
		8F519FAC2AF81D9000760694 = {
			isa = PBXGroup;
			children = (
				8F519FB72AF81D9000760694 /* blood_pressure_assignment */,
				8F519FB62AF81D9000760694 /* Products */,
			);
			sourceTree = "<group>";
		};
		8F519FB62AF81D9000760694 /* Products */ = {
			isa = PBXGroup;
			children = (
				8F519FB52AF81D9000760694 /* blood_pressure_assignment.app */,
			);
			name = Products;
			sourceTree = "<group>";
		};
		8F519FB72AF81D9000760694 /* blood_pressure_assignment */ = {
			isa = PBXGroup;
			children = (
				8F519FBC2AF81D9100760694 /* Assets.xcassets */,
				8F519FCB2AF8203E00760694 /* Model */,
				8F519FC92AF8202D00760694 /* View */,
				8F519FCA2AF8203700760694 /* ViewModel */,
				8F519FC62AF81F9C00760694 /* Others */,
				8F519FBE2AF81D9100760694 /* Preview Content */,
			);
			path = blood_pressure_assignment;
			sourceTree = "<group>";
		};
		8F519FBE2AF81D9100760694 /* Preview Content */ = {
			isa = PBXGroup;
			children = (
				8F519FBF2AF81D9100760694 /* Preview Assets.xcassets */,
			);
			path = "Preview Content";
			sourceTree = "<group>";
		};
		8F519FC62AF81F9C00760694 /* Others */ = {
			isa = PBXGroup;
			children = (
				8F519FB82AF81D9000760694 /* blood_pressure_assignmentApp.swift */,
				8F519FC72AF81FDC00760694 /* GoogleService-Info.plist */,
			);
			path = Others;
			sourceTree = "<group>";
		};
		8F519FC92AF8202D00760694 /* View */ = {
			isa = PBXGroup;
			children = (
				8F519FBA2AF81D9000760694 /* ContentView.swift */,
				8F519FD92AF821D400760694 /* HomeView.swift */,
				8F519FD72AF8211F00760694 /* DataView.swift */,
				8F519FDB2AF8222700760694 /* ReportView.swift */,
				8F51A00F2AF8D22300760694 /* ReadingItemView.swift */,
				8F51A0152AF9790B00760694 /* ReadingItemInputView.swift */,
				8F51A00D2AF8D16D00760694 /* AddReadingItemView.swift */,
				8F51A0132AF96DC700760694 /* EditReadingItemView.swift */,
				8F7D91042AFBFCBB00ECF2C7 /* NotificationView.swift */,
			);
			path = View;
			sourceTree = "<group>";
		};
		8F519FCA2AF8203700760694 /* ViewModel */ = {
			isa = PBXGroup;
			children = (
				8F519FE72AF85A7A00760694 /* ContentViewModel.swift */,
				8F519FED2AF85AA100760694 /* HomeViewModel.swift */,
				8F7D91002AFAF8C300ECF2C7 /* DataViewModel.swift */,
				8F519FEB2AF85A9A00760694 /* ReportViewModel.swift */,
				8F519FE92AF85A8D00760694 /* DatabaseViewModel.swift */,
				8F7D91062AFC02E300ECF2C7 /* NotificationViewModel.swift */,
			);
			path = ViewModel;
			sourceTree = "<group>";
		};
		8F519FCB2AF8203E00760694 /* Model */ = {
			isa = PBXGroup;
			children = (
				8F519FE32AF8410F00760694 /* User.swift */,
				8F51A00B2AF8C23800760694 /* ReadingItem.swift */,
				8F7D91022AFB41E500ECF2C7 /* MonthlyAverage.swift */,
			);
			path = Model;
			sourceTree = "<group>";
		};
/* End PBXGroup section */

/* Begin PBXNativeTarget section */
		8F519FB42AF81D9000760694 /* blood_pressure_assignment */ = {
			isa = PBXNativeTarget;
			buildConfigurationList = 8F519FC32AF81D9100760694 /* Build configuration list for PBXNativeTarget "blood_pressure_assignment" */;
			buildPhases = (
				8F519FB12AF81D9000760694 /* Sources */,
				8F519FB22AF81D9000760694 /* Frameworks */,
				8F519FB32AF81D9000760694 /* Resources */,
			);
			buildRules = (
			);
			dependencies = (
			);
			name = blood_pressure_assignment;
			packageProductDependencies = (
				8F519FCD2AF820B000760694 /* FirebaseAnalytics */,
				8F519FCF2AF820B000760694 /* FirebaseAnalyticsOnDeviceConversion */,
				8F519FD12AF820B000760694 /* FirebaseAnalyticsSwift */,
				8F519FD32AF820B000760694 /* FirebaseAnalyticsWithoutAdIdSupport */,
				8F519FD52AF820B000760694 /* FirebaseAppCheck */,
				8F519FEF2AF85F0400760694 /* FirebaseAnalytics */,
				8F519FF12AF85F0400760694 /* FirebaseAnalyticsOnDeviceConversion */,
				8F519FF32AF85F0400760694 /* FirebaseAnalyticsSwift */,
				8F519FF52AF85F0400760694 /* FirebaseAnalyticsWithoutAdIdSupport */,
				8F519FF72AF85F0400760694 /* FirebaseAppCheck */,
				8F519FF92AF85F0400760694 /* FirebaseAppDistribution-Beta */,
				8F519FFB2AF85F0400760694 /* FirebaseAuth */,
				8F519FFD2AF85F0400760694 /* FirebaseAuthCombine-Community */,
				8F519FFF2AF85F0400760694 /* FirebaseCrashlytics */,
				8F51A0012AF85F0400760694 /* FirebaseDatabase */,
				8F51A0032AF85F0400760694 /* FirebaseDatabaseSwift */,
				8F51A0052AF85F0400760694 /* FirebaseDynamicLinks */,
				8F51A0072AF85F0400760694 /* FirebaseFirestore */,
				8F51A0092AF85F0400760694 /* FirebaseFirestoreCombine-Community */,
			);
			productName = blood_pressure_assignment;
			productReference = 8F519FB52AF81D9000760694 /* blood_pressure_assignment.app */;
			productType = "com.apple.product-type.application";
		};
/* End PBXNativeTarget section */

/* Begin PBXProject section */
		8F519FAD2AF81D9000760694 /* Project object */ = {
			isa = PBXProject;
			attributes = {
				BuildIndependentTargetsInParallel = 1;
				LastSwiftUpdateCheck = 1500;
				LastUpgradeCheck = 1500;
				TargetAttributes = {
					8F519FB42AF81D9000760694 = {
						CreatedOnToolsVersion = 15.0;
					};
				};
			};
			buildConfigurationList = 8F519FB02AF81D9000760694 /* Build configuration list for PBXProject "blood_pressure_assignment" */;
			compatibilityVersion = "Xcode 14.0";
			developmentRegion = en;
			hasScannedForEncodings = 0;
			knownRegions = (
				en,
				Base,
			);
			mainGroup = 8F519FAC2AF81D9000760694;
			packageReferences = (
				8F519FCC2AF820B000760694 /* XCRemoteSwiftPackageReference "firebase-ios-sdk" */,
			);
			productRefGroup = 8F519FB62AF81D9000760694 /* Products */;
			projectDirPath = "";
			projectRoot = "";
			targets = (
				8F519FB42AF81D9000760694 /* blood_pressure_assignment */,
			);
		};
/* End PBXProject section */

/* Begin PBXResourcesBuildPhase section */
		8F519FB32AF81D9000760694 /* Resources */ = {
			isa = PBXResourcesBuildPhase;
			buildActionMask = 2147483647;
			files = (
				8F519FC02AF81D9100760694 /* Preview Assets.xcassets in Resources */,
				8F519FBD2AF81D9100760694 /* Assets.xcassets in Resources */,
				8F519FC82AF81FDC00760694 /* GoogleService-Info.plist in Resources */,
			);
			runOnlyForDeploymentPostprocessing = 0;
		};
/* End PBXResourcesBuildPhase section */

/* Begin PBXSourcesBuildPhase section */
		8F519FB12AF81D9000760694 /* Sources */ = {
			isa = PBXSourcesBuildPhase;
			buildActionMask = 2147483647;
			files = (
				8F51A0102AF8D22300760694 /* ReadingItemView.swift in Sources */,
				8F519FBB2AF81D9000760694 /* ContentView.swift in Sources */,
				8F519FEE2AF85AA100760694 /* HomeViewModel.swift in Sources */,
				8F7D91032AFB41E500ECF2C7 /* MonthlyAverage.swift in Sources */,
				8F7D91012AFAF8C300ECF2C7 /* DataViewModel.swift in Sources */,
				8F519FEA2AF85A8D00760694 /* DatabaseViewModel.swift in Sources */,
				8F7D91052AFBFCBB00ECF2C7 /* NotificationView.swift in Sources */,
				8F519FE42AF8410F00760694 /* User.swift in Sources */,
				8F519FDA2AF821D400760694 /* HomeView.swift in Sources */,
				8F519FDC2AF8222700760694 /* ReportView.swift in Sources */,
				8F51A00C2AF8C23800760694 /* ReadingItem.swift in Sources */,
				8F51A00E2AF8D16D00760694 /* AddReadingItemView.swift in Sources */,
				8F519FD82AF8211F00760694 /* DataView.swift in Sources */,
				8F51A0142AF96DC700760694 /* EditReadingItemView.swift in Sources */,
				8F519FE82AF85A7A00760694 /* ContentViewModel.swift in Sources */,
				8F51A0162AF9790B00760694 /* ReadingItemInputView.swift in Sources */,
				8F519FB92AF81D9000760694 /* blood_pressure_assignmentApp.swift in Sources */,
				8F519FEC2AF85A9A00760694 /* ReportViewModel.swift in Sources */,
				8F7D91072AFC02E300ECF2C7 /* NotificationViewModel.swift in Sources */,
			);
			runOnlyForDeploymentPostprocessing = 0;
		};
/* End PBXSourcesBuildPhase section */

/* Begin XCBuildConfiguration section */
		8F519FC12AF81D9100760694 /* Debug */ = {
			isa = XCBuildConfiguration;
			buildSettings = {
				ALWAYS_SEARCH_USER_PATHS = NO;
				ASSETCATALOG_COMPILER_GENERATE_SWIFT_ASSET_SYMBOL_EXTENSIONS = YES;
				CLANG_ANALYZER_NONNULL = YES;
				CLANG_ANALYZER_NUMBER_OBJECT_CONVERSION = YES_AGGRESSIVE;
				CLANG_CXX_LANGUAGE_STANDARD = "gnu++20";
				CLANG_ENABLE_MODULES = YES;
				CLANG_ENABLE_OBJC_ARC = YES;
				CLANG_ENABLE_OBJC_WEAK = YES;
				CLANG_WARN_BLOCK_CAPTURE_AUTORELEASING = YES;
				CLANG_WARN_BOOL_CONVERSION = YES;
				CLANG_WARN_COMMA = YES;
				CLANG_WARN_CONSTANT_CONVERSION = YES;
				CLANG_WARN_DEPRECATED_OBJC_IMPLEMENTATIONS = YES;
				CLANG_WARN_DIRECT_OBJC_ISA_USAGE = YES_ERROR;
				CLANG_WARN_DOCUMENTATION_COMMENTS = YES;
				CLANG_WARN_EMPTY_BODY = YES;
				CLANG_WARN_ENUM_CONVERSION = YES;
				CLANG_WARN_INFINITE_RECURSION = YES;
				CLANG_WARN_INT_CONVERSION = YES;
				CLANG_WARN_NON_LITERAL_NULL_CONVERSION = YES;
				CLANG_WARN_OBJC_IMPLICIT_RETAIN_SELF = YES;
				CLANG_WARN_OBJC_LITERAL_CONVERSION = YES;
				CLANG_WARN_OBJC_ROOT_CLASS = YES_ERROR;
				CLANG_WARN_QUOTED_INCLUDE_IN_FRAMEWORK_HEADER = YES;
				CLANG_WARN_RANGE_LOOP_ANALYSIS = YES;
				CLANG_WARN_STRICT_PROTOTYPES = YES;
				CLANG_WARN_SUSPICIOUS_MOVE = YES;
				CLANG_WARN_UNGUARDED_AVAILABILITY = YES_AGGRESSIVE;
				CLANG_WARN_UNREACHABLE_CODE = YES;
				CLANG_WARN__DUPLICATE_METHOD_MATCH = YES;
				COPY_PHASE_STRIP = NO;
				DEBUG_INFORMATION_FORMAT = dwarf;
				ENABLE_STRICT_OBJC_MSGSEND = YES;
				ENABLE_TESTABILITY = YES;
				ENABLE_USER_SCRIPT_SANDBOXING = YES;
				GCC_C_LANGUAGE_STANDARD = gnu17;
				GCC_DYNAMIC_NO_PIC = NO;
				GCC_NO_COMMON_BLOCKS = YES;
				GCC_OPTIMIZATION_LEVEL = 0;
				GCC_PREPROCESSOR_DEFINITIONS = (
					"DEBUG=1",
					"$(inherited)",
				);
				GCC_WARN_64_TO_32_BIT_CONVERSION = YES;
				GCC_WARN_ABOUT_RETURN_TYPE = YES_ERROR;
				GCC_WARN_UNDECLARED_SELECTOR = YES;
				GCC_WARN_UNINITIALIZED_AUTOS = YES_AGGRESSIVE;
				GCC_WARN_UNUSED_FUNCTION = YES;
				GCC_WARN_UNUSED_VARIABLE = YES;
				IPHONEOS_DEPLOYMENT_TARGET = 17.0;
				LOCALIZATION_PREFERS_STRING_CATALOGS = YES;
				MTL_ENABLE_DEBUG_INFO = INCLUDE_SOURCE;
				MTL_FAST_MATH = YES;
				ONLY_ACTIVE_ARCH = YES;
				SDKROOT = iphoneos;
				SWIFT_ACTIVE_COMPILATION_CONDITIONS = "DEBUG $(inherited)";
				SWIFT_OPTIMIZATION_LEVEL = "-Onone";
			};
			name = Debug;
		};
		8F519FC22AF81D9100760694 /* Release */ = {
			isa = XCBuildConfiguration;
			buildSettings = {
				ALWAYS_SEARCH_USER_PATHS = NO;
				ASSETCATALOG_COMPILER_GENERATE_SWIFT_ASSET_SYMBOL_EXTENSIONS = YES;
				CLANG_ANALYZER_NONNULL = YES;
				CLANG_ANALYZER_NUMBER_OBJECT_CONVERSION = YES_AGGRESSIVE;
				CLANG_CXX_LANGUAGE_STANDARD = "gnu++20";
				CLANG_ENABLE_MODULES = YES;
				CLANG_ENABLE_OBJC_ARC = YES;
				CLANG_ENABLE_OBJC_WEAK = YES;
				CLANG_WARN_BLOCK_CAPTURE_AUTORELEASING = YES;
				CLANG_WARN_BOOL_CONVERSION = YES;
				CLANG_WARN_COMMA = YES;
				CLANG_WARN_CONSTANT_CONVERSION = YES;
				CLANG_WARN_DEPRECATED_OBJC_IMPLEMENTATIONS = YES;
				CLANG_WARN_DIRECT_OBJC_ISA_USAGE = YES_ERROR;
				CLANG_WARN_DOCUMENTATION_COMMENTS = YES;
				CLANG_WARN_EMPTY_BODY = YES;
				CLANG_WARN_ENUM_CONVERSION = YES;
				CLANG_WARN_INFINITE_RECURSION = YES;
				CLANG_WARN_INT_CONVERSION = YES;
				CLANG_WARN_NON_LITERAL_NULL_CONVERSION = YES;
				CLANG_WARN_OBJC_IMPLICIT_RETAIN_SELF = YES;
				CLANG_WARN_OBJC_LITERAL_CONVERSION = YES;
				CLANG_WARN_OBJC_ROOT_CLASS = YES_ERROR;
				CLANG_WARN_QUOTED_INCLUDE_IN_FRAMEWORK_HEADER = YES;
				CLANG_WARN_RANGE_LOOP_ANALYSIS = YES;
				CLANG_WARN_STRICT_PROTOTYPES = YES;
				CLANG_WARN_SUSPICIOUS_MOVE = YES;
				CLANG_WARN_UNGUARDED_AVAILABILITY = YES_AGGRESSIVE;
				CLANG_WARN_UNREACHABLE_CODE = YES;
				CLANG_WARN__DUPLICATE_METHOD_MATCH = YES;
				COPY_PHASE_STRIP = NO;
				DEBUG_INFORMATION_FORMAT = "dwarf-with-dsym";
				ENABLE_NS_ASSERTIONS = NO;
				ENABLE_STRICT_OBJC_MSGSEND = YES;
				ENABLE_USER_SCRIPT_SANDBOXING = YES;
				GCC_C_LANGUAGE_STANDARD = gnu17;
				GCC_NO_COMMON_BLOCKS = YES;
				GCC_WARN_64_TO_32_BIT_CONVERSION = YES;
				GCC_WARN_ABOUT_RETURN_TYPE = YES_ERROR;
				GCC_WARN_UNDECLARED_SELECTOR = YES;
				GCC_WARN_UNINITIALIZED_AUTOS = YES_AGGRESSIVE;
				GCC_WARN_UNUSED_FUNCTION = YES;
				GCC_WARN_UNUSED_VARIABLE = YES;
				IPHONEOS_DEPLOYMENT_TARGET = 17.0;
				LOCALIZATION_PREFERS_STRING_CATALOGS = YES;
				MTL_ENABLE_DEBUG_INFO = NO;
				MTL_FAST_MATH = YES;
				SDKROOT = iphoneos;
				SWIFT_COMPILATION_MODE = wholemodule;
				VALIDATE_PRODUCT = YES;
			};
			name = Release;
		};
		8F519FC42AF81D9100760694 /* Debug */ = {
			isa = XCBuildConfiguration;
			buildSettings = {
				ASSETCATALOG_COMPILER_APPICON_NAME = AppIcon;
				ASSETCATALOG_COMPILER_GLOBAL_ACCENT_COLOR_NAME = AccentColor;
				CODE_SIGN_STYLE = Automatic;
				CURRENT_PROJECT_VERSION = 1;
				DEVELOPMENT_ASSET_PATHS = "\"blood_pressure_assignment/Preview Content\"";
				ENABLE_PREVIEWS = YES;
				GENERATE_INFOPLIST_FILE = YES;
				INFOPLIST_KEY_CFBundleDisplayName = CS2;
				INFOPLIST_KEY_LSApplicationCategoryType = "public.app-category.healthcare-fitness";
				INFOPLIST_KEY_UIApplicationSceneManifest_Generation = YES;
				INFOPLIST_KEY_UIApplicationSupportsIndirectInputEvents = YES;
				INFOPLIST_KEY_UILaunchScreen_Generation = YES;
				INFOPLIST_KEY_UISupportedInterfaceOrientations = "UIInterfaceOrientationLandscapeLeft UIInterfaceOrientationLandscapeRight UIInterfaceOrientationPortrait";
				INFOPLIST_KEY_UISupportedInterfaceOrientations_iPad = "UIInterfaceOrientationLandscapeLeft UIInterfaceOrientationLandscapeRight UIInterfaceOrientationPortrait UIInterfaceOrientationPortraitUpsideDown";
				LD_RUNPATH_SEARCH_PATHS = (
					"$(inherited)",
					"@executable_path/Frameworks",
				);
				MARKETING_VERSION = 1.0;
				PRODUCT_BUNDLE_IDENTIFIER = "ca.bcit.blood-pressure-assignment";
				PRODUCT_NAME = "$(TARGET_NAME)";
				SWIFT_EMIT_LOC_STRINGS = YES;
				SWIFT_VERSION = 5.0;
				TARGETED_DEVICE_FAMILY = "1,2";
			};
			name = Debug;
		};
		8F519FC52AF81D9100760694 /* Release */ = {
			isa = XCBuildConfiguration;
			buildSettings = {
				ASSETCATALOG_COMPILER_APPICON_NAME = AppIcon;
				ASSETCATALOG_COMPILER_GLOBAL_ACCENT_COLOR_NAME = AccentColor;
				CODE_SIGN_STYLE = Automatic;
				CURRENT_PROJECT_VERSION = 1;
				DEVELOPMENT_ASSET_PATHS = "\"blood_pressure_assignment/Preview Content\"";
				ENABLE_PREVIEWS = YES;
				GENERATE_INFOPLIST_FILE = YES;
				INFOPLIST_KEY_CFBundleDisplayName = CS2;
				INFOPLIST_KEY_LSApplicationCategoryType = "public.app-category.healthcare-fitness";
				INFOPLIST_KEY_UIApplicationSceneManifest_Generation = YES;
				INFOPLIST_KEY_UIApplicationSupportsIndirectInputEvents = YES;
				INFOPLIST_KEY_UILaunchScreen_Generation = YES;
				INFOPLIST_KEY_UISupportedInterfaceOrientations = "UIInterfaceOrientationLandscapeLeft UIInterfaceOrientationLandscapeRight UIInterfaceOrientationPortrait";
				INFOPLIST_KEY_UISupportedInterfaceOrientations_iPad = "UIInterfaceOrientationLandscapeLeft UIInterfaceOrientationLandscapeRight UIInterfaceOrientationPortrait UIInterfaceOrientationPortraitUpsideDown";
				LD_RUNPATH_SEARCH_PATHS = (
					"$(inherited)",
					"@executable_path/Frameworks",
				);
				MARKETING_VERSION = 1.0;
				PRODUCT_BUNDLE_IDENTIFIER = "ca.bcit.blood-pressure-assignment";
				PRODUCT_NAME = "$(TARGET_NAME)";
				SWIFT_EMIT_LOC_STRINGS = YES;
				SWIFT_VERSION = 5.0;
				TARGETED_DEVICE_FAMILY = "1,2";
			};
			name = Release;
		};
/* End XCBuildConfiguration section */

/* Begin XCConfigurationList section */
		8F519FB02AF81D9000760694 /* Build configuration list for PBXProject "blood_pressure_assignment" */ = {
			isa = XCConfigurationList;
			buildConfigurations = (
				8F519FC12AF81D9100760694 /* Debug */,
				8F519FC22AF81D9100760694 /* Release */,
			);
			defaultConfigurationIsVisible = 0;
			defaultConfigurationName = Release;
		};
		8F519FC32AF81D9100760694 /* Build configuration list for PBXNativeTarget "blood_pressure_assignment" */ = {
			isa = XCConfigurationList;
			buildConfigurations = (
				8F519FC42AF81D9100760694 /* Debug */,
				8F519FC52AF81D9100760694 /* Release */,
			);
			defaultConfigurationIsVisible = 0;
			defaultConfigurationName = Release;
		};
/* End XCConfigurationList section */

/* Begin XCRemoteSwiftPackageReference section */
		8F519FCC2AF820B000760694 /* XCRemoteSwiftPackageReference "firebase-ios-sdk" */ = {
			isa = XCRemoteSwiftPackageReference;
			repositoryURL = "https://github.com/firebase/firebase-ios-sdk";
			requirement = {
				kind = upToNextMajorVersion;
				minimumVersion = 10.17.0;
			};
		};
/* End XCRemoteSwiftPackageReference section */

/* Begin XCSwiftPackageProductDependency section */
		8F519FCD2AF820B000760694 /* FirebaseAnalytics */ = {
			isa = XCSwiftPackageProductDependency;
			package = 8F519FCC2AF820B000760694 /* XCRemoteSwiftPackageReference "firebase-ios-sdk" */;
			productName = FirebaseAnalytics;
		};
		8F519FCF2AF820B000760694 /* FirebaseAnalyticsOnDeviceConversion */ = {
			isa = XCSwiftPackageProductDependency;
			package = 8F519FCC2AF820B000760694 /* XCRemoteSwiftPackageReference "firebase-ios-sdk" */;
			productName = FirebaseAnalyticsOnDeviceConversion;
		};
		8F519FD12AF820B000760694 /* FirebaseAnalyticsSwift */ = {
			isa = XCSwiftPackageProductDependency;
			package = 8F519FCC2AF820B000760694 /* XCRemoteSwiftPackageReference "firebase-ios-sdk" */;
			productName = FirebaseAnalyticsSwift;
		};
		8F519FD32AF820B000760694 /* FirebaseAnalyticsWithoutAdIdSupport */ = {
			isa = XCSwiftPackageProductDependency;
			package = 8F519FCC2AF820B000760694 /* XCRemoteSwiftPackageReference "firebase-ios-sdk" */;
			productName = FirebaseAnalyticsWithoutAdIdSupport;
		};
		8F519FD52AF820B000760694 /* FirebaseAppCheck */ = {
			isa = XCSwiftPackageProductDependency;
			package = 8F519FCC2AF820B000760694 /* XCRemoteSwiftPackageReference "firebase-ios-sdk" */;
			productName = FirebaseAppCheck;
		};
		8F519FEF2AF85F0400760694 /* FirebaseAnalytics */ = {
			isa = XCSwiftPackageProductDependency;
			package = 8F519FCC2AF820B000760694 /* XCRemoteSwiftPackageReference "firebase-ios-sdk" */;
			productName = FirebaseAnalytics;
		};
		8F519FF12AF85F0400760694 /* FirebaseAnalyticsOnDeviceConversion */ = {
			isa = XCSwiftPackageProductDependency;
			package = 8F519FCC2AF820B000760694 /* XCRemoteSwiftPackageReference "firebase-ios-sdk" */;
			productName = FirebaseAnalyticsOnDeviceConversion;
		};
		8F519FF32AF85F0400760694 /* FirebaseAnalyticsSwift */ = {
			isa = XCSwiftPackageProductDependency;
			package = 8F519FCC2AF820B000760694 /* XCRemoteSwiftPackageReference "firebase-ios-sdk" */;
			productName = FirebaseAnalyticsSwift;
		};
		8F519FF52AF85F0400760694 /* FirebaseAnalyticsWithoutAdIdSupport */ = {
			isa = XCSwiftPackageProductDependency;
			package = 8F519FCC2AF820B000760694 /* XCRemoteSwiftPackageReference "firebase-ios-sdk" */;
			productName = FirebaseAnalyticsWithoutAdIdSupport;
		};
		8F519FF72AF85F0400760694 /* FirebaseAppCheck */ = {
			isa = XCSwiftPackageProductDependency;
			package = 8F519FCC2AF820B000760694 /* XCRemoteSwiftPackageReference "firebase-ios-sdk" */;
			productName = FirebaseAppCheck;
		};
		8F519FF92AF85F0400760694 /* FirebaseAppDistribution-Beta */ = {
			isa = XCSwiftPackageProductDependency;
			package = 8F519FCC2AF820B000760694 /* XCRemoteSwiftPackageReference "firebase-ios-sdk" */;
			productName = "FirebaseAppDistribution-Beta";
		};
		8F519FFB2AF85F0400760694 /* FirebaseAuth */ = {
			isa = XCSwiftPackageProductDependency;
			package = 8F519FCC2AF820B000760694 /* XCRemoteSwiftPackageReference "firebase-ios-sdk" */;
			productName = FirebaseAuth;
		};
		8F519FFD2AF85F0400760694 /* FirebaseAuthCombine-Community */ = {
			isa = XCSwiftPackageProductDependency;
			package = 8F519FCC2AF820B000760694 /* XCRemoteSwiftPackageReference "firebase-ios-sdk" */;
			productName = "FirebaseAuthCombine-Community";
		};
		8F519FFF2AF85F0400760694 /* FirebaseCrashlytics */ = {
			isa = XCSwiftPackageProductDependency;
			package = 8F519FCC2AF820B000760694 /* XCRemoteSwiftPackageReference "firebase-ios-sdk" */;
			productName = FirebaseCrashlytics;
		};
		8F51A0012AF85F0400760694 /* FirebaseDatabase */ = {
			isa = XCSwiftPackageProductDependency;
			package = 8F519FCC2AF820B000760694 /* XCRemoteSwiftPackageReference "firebase-ios-sdk" */;
			productName = FirebaseDatabase;
		};
		8F51A0032AF85F0400760694 /* FirebaseDatabaseSwift */ = {
			isa = XCSwiftPackageProductDependency;
			package = 8F519FCC2AF820B000760694 /* XCRemoteSwiftPackageReference "firebase-ios-sdk" */;
			productName = FirebaseDatabaseSwift;
		};
		8F51A0052AF85F0400760694 /* FirebaseDynamicLinks */ = {
			isa = XCSwiftPackageProductDependency;
			package = 8F519FCC2AF820B000760694 /* XCRemoteSwiftPackageReference "firebase-ios-sdk" */;
			productName = FirebaseDynamicLinks;
		};
		8F51A0072AF85F0400760694 /* FirebaseFirestore */ = {
			isa = XCSwiftPackageProductDependency;
			package = 8F519FCC2AF820B000760694 /* XCRemoteSwiftPackageReference "firebase-ios-sdk" */;
			productName = FirebaseFirestore;
		};
		8F51A0092AF85F0400760694 /* FirebaseFirestoreCombine-Community */ = {
			isa = XCSwiftPackageProductDependency;
			package = 8F519FCC2AF820B000760694 /* XCRemoteSwiftPackageReference "firebase-ios-sdk" */;
			productName = "FirebaseFirestoreCombine-Community";
		};
/* End XCSwiftPackageProductDependency section */
	};
	rootObject = 8F519FAD2AF81D9000760694 /* Project object */;
}
